
Microsoft Visual Studio Solution File, Format Version 12.00
# Visual Studio Version 16
VisualStudioVersion = 16.0.30907.101
MinimumVisualStudioVersion = 10.0.40219.1
Project("{FAE04EC0-301F-11D3-BF4B-00C04F79EFBC}") = "ArcadeRacing", "ArcadeRacing\ArcadeRacing.csproj", "{D04D75FB-7101-4A09-B1E0-18BEB6DD248C}"
EndProject
Global
	GlobalSection(SolutionConfigurationPlatforms) = preSolution
		Debug|Any CPU = Debug|Any CPU
		Release|Any CPU = Release|Any CPU
	EndGlobalSection
	GlobalSection(ProjectConfigurationPlatforms) = postSolution
		{D04D75FB-7101-4A09-B1E0-18BEB6DD248C}.Debug|Any CPU.ActiveCfg = Debug|Any CPU
		{D04D75FB-7101-4A09-B1E0-18BEB6DD248C}.Debug|Any CPU.Build.0 = Debug|Any CPU
		{D04D75FB-7101-4A09-B1E0-18BEB6DD248C}.Release|Any CPU.ActiveCfg = Release|Any CPU
		{D04D75FB-7101-4A09-B1E0-18BEB6DD248C}.Release|Any CPU.Build.0 = Release|Any CPU
	EndGlobalSection
	GlobalSection(SolutionProperties) = preSolution
		HideSolutionNode = FALSE
	EndGlobalSection
	GlobalSection(ExtensibilityGlobals) = postSolution
		SolutionGuid = {C4543275-BA74-4D84-ADDC-D76CDFF56745}
	EndGlobalSection
EndGlobal
